# This file is generated by running "yarn install" inside your project.
# Manual changes might be lost - proceed with caution!

__metadata:
  version: 4

"dependant@workspace:.":
  version: 0.0.0-use.local
  resolution: "dependant@workspace:."
  dependencies:
    dependency-cjs: "file:./deps/cjs"
    dependency-mjs: "file:./deps/mjs"
    dependency-module: "file:./deps/module"
    dependency-nomodule: "file:./deps/nomodule"
  languageName: unknown
  linkType: soft

"dependency-cjs@file:./deps/cjs::locator=dependant%40workspace%3A.":
  version: 0.1.0
  resolution: "dependency-cjs@file:./deps/cjs::locator=dependant%40workspace%3A."
  checksum: 2/11efdd8bbad2d54fa18abe746b515769dcc5d189b970c2450e5d8bffad4f9425128292d4df5c207c6046e9d54c37bbf0652acf713649790c36da92f92cfc8295
  languageName: node
  linkType: hard

"dependency-mjs@file:./deps/mjs::locator=dependant%40workspace%3A.":
  version: 0.1.0
  resolution: "dependency-mjs@file:./deps/mjs::locator=dependant%40workspace%3A."
  checksum: 2/7c442a9391ca5fbb424e10205876afbf390da0324fb8bbcd5429b441711087068318e7599216de128f28266905eb04b9b4efb29323d21e1547e7094b452359b9
  languageName: node
  linkType: hard

"dependency-module@file:./deps/module::locator=dependant%40workspace%3A.":
  version: 0.1.0
  resolution: "dependency-module@file:./deps/module::locator=dependant%40workspace%3A."
  dependencies:
    dependency-nomodule: "file:../nomodule"
  checksum: 2/cee304ac1d31204780e18eca5908a321fab5470994822bfed287ba968a223d40b5a8cd1be3644192308ac66d3327bcbc234eb003f10a68c6ad6d7d1787201d46
  languageName: node
  linkType: hard

"dependency-nomodule@file:../nomodule::locator=dependency-module%40file%3A.%2Fdeps%2Fmodule%3A%3Alocator%3Ddependant%2540workspace%253A.":
  version: 0.1.0
  resolution: "dependency-nomodule@file:../nomodule::locator=dependency-module%40file%3A.%2Fdeps%2Fmodule%3A%3Alocator%3Ddependant%2540workspace%253A."
  checksum: 2/dd00857123e3169fce8da2c7bdbaadf44eb791a8dbcfaa66a27d2c70e0b6d797a15914a9031815eac553753d20b7711d5b6e46eb901e9929f1ad4a6f4192cf6e
  languageName: node
  linkType: hard

"dependency-nomodule@file:./deps/nomodule::locator=dependant%40workspace%3A.":
  version: 0.1.0
  resolution: "dependency-nomodule@file:./deps/nomodule::locator=dependant%40workspace%3A."
  checksum: 2/dd00857123e3169fce8da2c7bdbaadf44eb791a8dbcfaa66a27d2c70e0b6d797a15914a9031815eac553753d20b7711d5b6e46eb901e9929f1ad4a6f4192cf6e
  languageName: node
  linkType: hard
